{
  "name": "mp4box.js",
  "lockfileVersion": 2,
  "requires": true,
  "packages": {
    "": {
      "dependencies": {
        "mp4box": "^0.4.1"
      }
    },
    "node_modules/mp4box": {
      "version": "0.4.1",
      "resolved": "https://registry.npmjs.org/mp4box/-/mp4box-0.4.1.tgz",
      "integrity": "sha512-SkGIvunxxWePxq7gFGjpn7kvL0PKsahu1k6NKkUtFFtoFPaXMnYVgXLnJv7Ec1QWkem5rpFxQwNab9iErOTMYw=="
    }
  },
  "dependencies": {
    "mp4box": {
      "version": "0.4.1",
      "resolved": "https://registry.npmjs.org/mp4box/-/mp4box-0.4.1.tgz",
      "integrity": "sha512-SkGIvunxxWePxq7gFGjpn7kvL0PKsahu1k6NKkUtFFtoFPaXMnYVgXLnJv7Ec1QWkem5rpFxQwNab9iErOTMYw=="
    }
  }
}
